{
    "_readme": [
        "This file locks the dependencies of your project to a known state",
        "Read more about it at http://getcomposer.org/doc/01-basic-usage.md#composer-lock-the-lock-file"
    ],
    "hash": "5df63f17edb187559f10d89ac119e1a0",
    "packages": [
        {
            "name": "phayes/geophp",
            "version": "dev-master",
            "source": {
                "type": "git",
                "url": "https://github.com/phayes/geoPHP.git",
                "reference": "0aae7c3d35f3a875bf58ff8abfc5fa27c0ca1408"
            },
            "dist": {
                "type": "zip",
                "url": "https://api.github.com/repos/phayes/geoPHP/zipball/0aae7c3d35f3a875bf58ff8abfc5fa27c0ca1408",
                "reference": "0aae7c3d35f3a875bf58ff8abfc5fa27c0ca1408",
                "shasum": ""
            },
            "type": "library",
            "autoload": {
                "classmap": [
                    "geoPHP.inc"
                ]
            },
            "notification-url": "https://packagist.org/downloads/",
            "license": [
                "GPL-2 or New-BSD"
            ],
            "authors": [
                {
                    "name": "Patrick Hayes"
                }
            ],
            "description": "GeoPHP is a open-source native PHP library for doing geometry operations. It is written entirely in PHP and can therefore run on shared hosts. It can read and write a wide variety of formats: WKT (including EWKT), WKB (including EWKB), GeoJSON, KML, GPX, GeoRSS). It works with all Simple-Feature geometries (Point, LineString, Polygon, GeometryCollection etc.) and can be used to get centroids, bounding-boxes, area, and a wide variety of other useful information.",
            "homepage": "https://github.com/phayes/geoPHP",
            "time": "2013-07-16 23:42:19"
        },
        {
            "name": "symfony/class-loader",
            "version": "v2.3.6",
            "target-dir": "Symfony/Component/ClassLoader",
            "source": {
                "type": "git",
                "url": "https://github.com/symfony/ClassLoader.git",
                "reference": "e5f3ef7ebd965a12699984df06b2a5bd439bd2a0"
            },
            "dist": {
                "type": "zip",
                "url": "https://api.github.com/repos/symfony/ClassLoader/zipball/e5f3ef7ebd965a12699984df06b2a5bd439bd2a0",
                "reference": "e5f3ef7ebd965a12699984df06b2a5bd439bd2a0",
                "shasum": ""
            },
            "require": {
                "php": ">=5.3.3"
            },
            "require-dev": {
                "symfony/finder": "~2.0"
            },
            "type": "library",
            "extra": {
                "branch-alias": {
                    "dev-master": "2.3-dev"
                }
            },
            "autoload": {
                "psr-0": {
                    "Symfony\\Component\\ClassLoader\\": ""
                }
            },
            "notification-url": "https://packagist.org/downloads/",
            "license": [
                "MIT"
            ],
            "authors": [
                {
                    "name": "Fabien Potencier",
                    "email": "fabien@symfony.com"
                },
                {
                    "name": "Symfony Community",
                    "homepage": "http://symfony.com/contributors"
                }
            ],
            "description": "Symfony ClassLoader Component",
            "homepage": "http://symfony.com",
            "time": "2013-09-19 09:45:20"
        }
    ],
    "packages-dev": [

    ],
    "aliases": [

    ],
    "minimum-stability": "stable",
    "stability-flags": {
        "phayes/geophp": 20
    },
    "platform": {
        "php": ">=5.4"
    },
    "platform-dev": [

    ]
}
